
Microsoft Visual Studio Solution File, Format Version 12.00
Project("{FAE04EC0-301F-11D3-BF4B-00C04F79EFBC}") = "Conway.Endpoints", "Conway.Endpoints\Conway.Endpoints.csproj", "{2842C435-51F3-4803-84C6-37E57960795C}"
EndProject
Project("{FAE04EC0-301F-11D3-BF4B-00C04F79EFBC}") = "Conway.Endpoint.Examples", "Conway.Endpoint.Examples\Conway.Endpoint.Examples.csproj", "{0BB5603A-5A76-4E31-8B5B-A75A6CA186B1}"
EndProject
Global
	GlobalSection(SolutionConfigurationPlatforms) = preSolution
		Debug|Any CPU = Debug|Any CPU
		Release|Any CPU = Release|Any CPU
	EndGlobalSection
	GlobalSection(ProjectConfigurationPlatforms) = postSolution
		{2842C435-51F3-4803-84C6-37E57960795C}.Debug|Any CPU.ActiveCfg = Debug|Any CPU
		{2842C435-51F3-4803-84C6-37E57960795C}.Debug|Any CPU.Build.0 = Debug|Any CPU
		{2842C435-51F3-4803-84C6-37E57960795C}.Release|Any CPU.ActiveCfg = Release|Any CPU
		{2842C435-51F3-4803-84C6-37E57960795C}.Release|Any CPU.Build.0 = Release|Any CPU
		{0BB5603A-5A76-4E31-8B5B-A75A6CA186B1}.Debug|Any CPU.ActiveCfg = Debug|Any CPU
		{0BB5603A-5A76-4E31-8B5B-A75A6CA186B1}.Debug|Any CPU.Build.0 = Debug|Any CPU
		{0BB5603A-5A76-4E31-8B5B-A75A6CA186B1}.Release|Any CPU.ActiveCfg = Release|Any CPU
		{0BB5603A-5A76-4E31-8B5B-A75A6CA186B1}.Release|Any CPU.Build.0 = Release|Any CPU
	EndGlobalSection
EndGlobal
